
Microsoft Visual Studio Solution File, Format Version 12.00
# Visual Studio Version 17
VisualStudioVersion = 17.5.33424.131
MinimumVisualStudioVersion = 10.0.40219.1
Project("{FAE04EC0-301F-11D3-BF4B-00C04F79EFBC}") = "DesenhoDiamanteLetras.ConsoleApp", "DesenhoDiamanteLetras.ConsoleApp\DesenhoDiamanteLetras.ConsoleApp.csproj", "{2A56B55B-821E-4C16-A725-8373683D57DF}"
EndProject
Global
	GlobalSection(SolutionConfigurationPlatforms) = preSolution
		Debug|Any CPU = Debug|Any CPU
		Release|Any CPU = Release|Any CPU
	EndGlobalSection
	GlobalSection(ProjectConfigurationPlatforms) = postSolution
		{2A56B55B-821E-4C16-A725-8373683D57DF}.Debug|Any CPU.ActiveCfg = Debug|Any CPU
		{2A56B55B-821E-4C16-A725-8373683D57DF}.Debug|Any CPU.Build.0 = Debug|Any CPU
		{2A56B55B-821E-4C16-A725-8373683D57DF}.Release|Any CPU.ActiveCfg = Release|Any CPU
		{2A56B55B-821E-4C16-A725-8373683D57DF}.Release|Any CPU.Build.0 = Release|Any CPU
	EndGlobalSection
	GlobalSection(SolutionProperties) = preSolution
		HideSolutionNode = FALSE
	EndGlobalSection
	GlobalSection(ExtensibilityGlobals) = postSolution
		SolutionGuid = {97672333-4412-4C2A-AB3E-51510FE6C28D}
	EndGlobalSection
EndGlobal
